{
  "name": "venue-import",
  "version": "1.0.0",
  "lockfileVersion": 3,
  "requires": true,
  "packages": {
    "": {
      "name": "venue-import",
      "version": "1.0.0",
      "dependencies": {
        "@mlightcad/libredwg-web": "^0.7.10"
      }
    },
    "node_modules/@mlightcad/libredwg-web": {
      "version": "0.7.10",
      "resolved": "https://registry.npmjs.org/@mlightcad/libredwg-web/-/libredwg-web-0.7.10.tgz",
      "integrity": "sha512-L9wnwQn8cgHIr6I5El/8TgKSXaRacW9vytSpsU19xufmrnAAqEEGcW0MU92PgEiDKuQtU4GBenERIDfSrbY99g==",
      "license": "GPL-3.0",
      "engines": {
        "node": ">=20"
      }
    }
  }
}
